// !$*UTF8*$!
{
	archiveVersion = 1;
	classes = {
	};
	objectVersion = 50;
	objects = {

/* Begin PBXBuildFile section */
		A1373DE922F720E1000B44B2 /* AppDelegate.swift in Sources */ = {isa = PBXBuildFile; fileRef = A1373DE822F720E1000B44B2 /* AppDelegate.swift */; };
		A1373DEB22F720E1000B44B2 /* ViewController.swift in Sources */ = {isa = PBXBuildFile; fileRef = A1373DEA22F720E1000B44B2 /* ViewController.swift */; };
		A1373DEE22F720E1000B44B2 /* Main.storyboard in Resources */ = {isa = PBXBuildFile; fileRef = A1373DEC22F720E1000B44B2 /* Main.storyboard */; };
		A1373DF022F720E2000B44B2 /* Assets.xcassets in Resources */ = {isa = PBXBuildFile; fileRef = A1373DEF22F720E2000B44B2 /* Assets.xcassets */; };
		A1373DF322F720E2000B44B2 /* LaunchScreen.storyboard in Resources */ = {isa = PBXBuildFile; fileRef = A1373DF122F720E2000B44B2 /* LaunchScreen.storyboard */; };
		A1373DFE22F720E2000B44B2 /* BinarySearchTreeTests.swift in Sources */ = {isa = PBXBuildFile; fileRef = A1373DFD22F720E2000B44B2 /* BinarySearchTreeTests.swift */; };
		A1373E0922F720E2000B44B2 /* BinarySearchTreeUITests.swift in Sources */ = {isa = PBXBuildFile; fileRef = A1373E0822F720E2000B44B2 /* BinarySearchTreeUITests.swift */; };
/* End PBXBuildFile section */

/* Begin PBXContainerItemProxy section */
		A1373DFA22F720E2000B44B2 /* PBXContainerItemProxy */ = {
			isa = PBXContainerItemProxy;
			containerPortal = A1373DDD22F720E1000B44B2 /* Project object */;
			proxyType = 1;
			remoteGlobalIDString = A1373DE422F720E1000B44B2;
			remoteInfo = BinarySearchTree;
		};
		A1373E0522F720E2000B44B2 /* PBXContainerItemProxy */ = {
			isa = PBXContainerItemProxy;
			containerPortal = A1373DDD22F720E1000B44B2 /* Project object */;
			proxyType = 1;
			remoteGlobalIDString = A1373DE422F720E1000B44B2;
			remoteInfo = BinarySearchTree;
		};
/* End PBXContainerItemProxy section */

/* Begin PBXFileReference section */
		A1373DE522F720E1000B44B2 /* BinarySearchTree.app */ = {isa = PBXFileReference; explicitFileType = wrapper.application; includeInIndex = 0; path = BinarySearchTree.app; sourceTree = BUILT_PRODUCTS_DIR; };
		A1373DE822F720E1000B44B2 /* AppDelegate.swift */ = {isa = PBXFileReference; lastKnownFileType = sourcecode.swift; path = AppDelegate.swift; sourceTree = "<group>"; };
		A1373DEA22F720E1000B44B2 /* ViewController.swift */ = {isa = PBXFileReference; lastKnownFileType = sourcecode.swift; path = ViewController.swift; sourceTree = "<group>"; };
		A1373DED22F720E1000B44B2 /* Base */ = {isa = PBXFileReference; lastKnownFileType = file.storyboard; name = Base; path = Base.lproj/Main.storyboard; sourceTree = "<group>"; };
		A1373DEF22F720E2000B44B2 /* Assets.xcassets */ = {isa = PBXFileReference; lastKnownFileType = folder.assetcatalog; path = Assets.xcassets; sourceTree = "<group>"; };
		A1373DF222F720E2000B44B2 /* Base */ = {isa = PBXFileReference; lastKnownFileType = file.storyboard; name = Base; path = Base.lproj/LaunchScreen.storyboard; sourceTree = "<group>"; };
		A1373DF422F720E2000B44B2 /* Info.plist */ = {isa = PBXFileReference; lastKnownFileType = text.plist.xml; path = Info.plist; sourceTree = "<group>"; };
		A1373DF922F720E2000B44B2 /* BinarySearchTreeTests.xctest */ = {isa = PBXFileReference; explicitFileType = wrapper.cfbundle; includeInIndex = 0; path = BinarySearchTreeTests.xctest; sourceTree = BUILT_PRODUCTS_DIR; };
		A1373DFD22F720E2000B44B2 /* BinarySearchTreeTests.swift */ = {isa = PBXFileReference; lastKnownFileType = sourcecode.swift; path = BinarySearchTreeTests.swift; sourceTree = "<group>"; };
		A1373DFF22F720E2000B44B2 /* Info.plist */ = {isa = PBXFileReference; lastKnownFileType = text.plist.xml; path = Info.plist; sourceTree = "<group>"; };
		A1373E0422F720E2000B44B2 /* BinarySearchTreeUITests.xctest */ = {isa = PBXFileReference; explicitFileType = wrapper.cfbundle; includeInIndex = 0; path = BinarySearchTreeUITests.xctest; sourceTree = BUILT_PRODUCTS_DIR; };
		A1373E0822F720E2000B44B2 /* BinarySearchTreeUITests.swift */ = {isa = PBXFileReference; lastKnownFileType = sourcecode.swift; path = BinarySearchTreeUITests.swift; sourceTree = "<group>"; };
		A1373E0A22F720E2000B44B2 /* Info.plist */ = {isa = PBXFileReference; lastKnownFileType = text.plist.xml; path = Info.plist; sourceTree = "<group>"; };
/* End PBXFileReference section */

/* Begin PBXFrameworksBuildPhase section */
		A1373DE222F720E1000B44B2 /* Frameworks */ = {
			isa = PBXFrameworksBuildPhase;
			buildActionMask = 2147483647;
			files = (
			);
			runOnlyForDeploymentPostprocessing = 0;
		};
		A1373DF622F720E2000B44B2 /* Frameworks */ = {
			isa = PBXFrameworksBuildPhase;
			buildActionMask = 2147483647;
			files = (
			);
			runOnlyForDeploymentPostprocessing = 0;
		};
		A1373E0122F720E2000B44B2 /* Frameworks */ = {
			isa = PBXFrameworksBuildPhase;
			buildActionMask = 2147483647;
			files = (
			);
			runOnlyForDeploymentPostprocessing = 0;
		};
/* End PBXFrameworksBuildPhase section */

/* Begin PBXGroup section */
		A1373DDC22F720E1000B44B2 = {
			isa = PBXGroup;
			children = (
				A1373DE722F720E1000B44B2 /* BinarySearchTree */,
				A1373DFC22F720E2000B44B2 /* BinarySearchTreeTests */,
				A1373E0722F720E2000B44B2 /* BinarySearchTreeUITests */,
				A1373DE622F720E1000B44B2 /* Products */,
			);
			sourceTree = "<group>";
		};
		A1373DE622F720E1000B44B2 /* Products */ = {
			isa = PBXGroup;
			children = (
				A1373DE522F720E1000B44B2 /* BinarySearchTree.app */,
				A1373DF922F720E2000B44B2 /* BinarySearchTreeTests.xctest */,
				A1373E0422F720E2000B44B2 /* BinarySearchTreeUITests.xctest */,
			);
			name = Products;
			sourceTree = "<group>";
		};
		A1373DE722F720E1000B44B2 /* BinarySearchTree */ = {
			isa = PBXGroup;
			children = (
				A1373DE822F720E1000B44B2 /* AppDelegate.swift */,
				A1373DEA22F720E1000B44B2 /* ViewController.swift */,
				A1373DEC22F720E1000B44B2 /* Main.storyboard */,
				A1373DEF22F720E2000B44B2 /* Assets.xcassets */,
				A1373DF122F720E2000B44B2 /* LaunchScreen.storyboard */,
				A1373DF422F720E2000B44B2 /* Info.plist */,
			);
			path = BinarySearchTree;
			sourceTree = "<group>";
		};
		A1373DFC22F720E2000B44B2 /* BinarySearchTreeTests */ = {
			isa = PBXGroup;
			children = (
				A1373DFD22F720E2000B44B2 /* BinarySearchTreeTests.swift */,
				A1373DFF22F720E2000B44B2 /* Info.plist */,
			);
			path = BinarySearchTreeTests;
			sourceTree = "<group>";
		};
		A1373E0722F720E2000B44B2 /* BinarySearchTreeUITests */ = {
			isa = PBXGroup;
			children = (
				A1373E0822F720E2000B44B2 /* BinarySearchTreeUITests.swift */,
				A1373E0A22F720E2000B44B2 /* Info.plist */,
			);
			path = BinarySearchTreeUITests;
			sourceTree = "<group>";
		};
/* End PBXGroup section */

/* Begin PBXNativeTarget section */
		A1373DE422F720E1000B44B2 /* BinarySearchTree */ = {
			isa = PBXNativeTarget;
			buildConfigurationList = A1373E0D22F720E2000B44B2 /* Build configuration list for PBXNativeTarget "BinarySearchTree" */;
			buildPhases = (
				A1373DE122F720E1000B44B2 /* Sources */,
				A1373DE222F720E1000B44B2 /* Frameworks */,
				A1373DE322F720E1000B44B2 /* Resources */,
			);
			buildRules = (
			);
			dependencies = (
			);
			name = BinarySearchTree;
			productName = BinarySearchTree;
			productReference = A1373DE522F720E1000B44B2 /* BinarySearchTree.app */;
			productType = "com.apple.product-type.application";
		};
		A1373DF822F720E2000B44B2 /* BinarySearchTreeTests */ = {
			isa = PBXNativeTarget;
			buildConfigurationList = A1373E1022F720E2000B44B2 /* Build configuration list for PBXNativeTarget "BinarySearchTreeTests" */;
			buildPhases = (
				A1373DF522F720E2000B44B2 /* Sources */,
				A1373DF622F720E2000B44B2 /* Frameworks */,
				A1373DF722F720E2000B44B2 /* Resources */,
			);
			buildRules = (
			);
			dependencies = (
				A1373DFB22F720E2000B44B2 /* PBXTargetDependency */,
			);
			name = BinarySearchTreeTests;
			productName = BinarySearchTreeTests;
			productReference = A1373DF922F720E2000B44B2 /* BinarySearchTreeTests.xctest */;
			productType = "com.apple.product-type.bundle.unit-test";
		};
		A1373E0322F720E2000B44B2 /* BinarySearchTreeUITests */ = {
			isa = PBXNativeTarget;
			buildConfigurationList = A1373E1322F720E2000B44B2 /* Build configuration list for PBXNativeTarget "BinarySearchTreeUITests" */;
			buildPhases = (
				A1373E0022F720E2000B44B2 /* Sources */,
				A1373E0122F720E2000B44B2 /* Frameworks */,
				A1373E0222F720E2000B44B2 /* Resources */,
			);
			buildRules = (
			);
			dependencies = (
				A1373E0622F720E2000B44B2 /* PBXTargetDependency */,
			);
			name = BinarySearchTreeUITests;
			productName = BinarySearchTreeUITests;
			productReference = A1373E0422F720E2000B44B2 /* BinarySearchTreeUITests.xctest */;
			productType = "com.apple.product-type.bundle.ui-testing";
		};
/* End PBXNativeTarget section */

/* Begin PBXProject section */
		A1373DDD22F720E1000B44B2 /* Project object */ = {
			isa = PBXProject;
			attributes = {
				LastSwiftUpdateCheck = 1020;
				LastUpgradeCheck = 1020;
				ORGANIZATIONNAME = Myron;
				TargetAttributes = {
					A1373DE422F720E1000B44B2 = {
						CreatedOnToolsVersion = 10.2.1;
					};
					A1373DF822F720E2000B44B2 = {
						CreatedOnToolsVersion = 10.2.1;
						TestTargetID = A1373DE422F720E1000B44B2;
					};
					A1373E0322F720E2000B44B2 = {
						CreatedOnToolsVersion = 10.2.1;
						TestTargetID = A1373DE422F720E1000B44B2;
					};
				};
			};
			buildConfigurationList = A1373DE022F720E1000B44B2 /* Build configuration list for PBXProject "BinarySearchTree" */;
			compatibilityVersion = "Xcode 9.3";
			developmentRegion = en;
			hasScannedForEncodings = 0;
			knownRegions = (
				en,
				Base,
			);
			mainGroup = A1373DDC22F720E1000B44B2;
			productRefGroup = A1373DE622F720E1000B44B2 /* Products */;
			projectDirPath = "";
			projectRoot = "";
			targets = (
				A1373DE422F720E1000B44B2 /* BinarySearchTree */,
				A1373DF822F720E2000B44B2 /* BinarySearchTreeTests */,
				A1373E0322F720E2000B44B2 /* BinarySearchTreeUITests */,
			);
		};
/* End PBXProject section */

/* Begin PBXResourcesBuildPhase section */
		A1373DE322F720E1000B44B2 /* Resources */ = {
			isa = PBXResourcesBuildPhase;
			buildActionMask = 2147483647;
			files = (
				A1373DF322F720E2000B44B2 /* LaunchScreen.storyboard in Resources */,
				A1373DF022F720E2000B44B2 /* Assets.xcassets in Resources */,
				A1373DEE22F720E1000B44B2 /* Main.storyboard in Resources */,
			);
			runOnlyForDeploymentPostprocessing = 0;
		};
		A1373DF722F720E2000B44B2 /* Resources */ = {
			isa = PBXResourcesBuildPhase;
			buildActionMask = 2147483647;
			files = (
			);
			runOnlyForDeploymentPostprocessing = 0;
		};
		A1373E0222F720E2000B44B2 /* Resources */ = {
			isa = PBXResourcesBuildPhase;
			buildActionMask = 2147483647;
			files = (
			);
			runOnlyForDeploymentPostprocessing = 0;
		};
/* End PBXResourcesBuildPhase section */

/* Begin PBXSourcesBuildPhase section */
		A1373DE122F720E1000B44B2 /* Sources */ = {
			isa = PBXSourcesBuildPhase;
			buildActionMask = 2147483647;
			files = (
				A1373DEB22F720E1000B44B2 /* ViewController.swift in Sources */,
				A1373DE922F720E1000B44B2 /* AppDelegate.swift in Sources */,
			);
			runOnlyForDeploymentPostprocessing = 0;
		};
		A1373DF522F720E2000B44B2 /* Sources */ = {
			isa = PBXSourcesBuildPhase;
			buildActionMask = 2147483647;
			files = (
				A1373DFE22F720E2000B44B2 /* BinarySearchTreeTests.swift in Sources */,
			);
			runOnlyForDeploymentPostprocessing = 0;
		};
		A1373E0022F720E2000B44B2 /* Sources */ = {
			isa = PBXSourcesBuildPhase;
			buildActionMask = 2147483647;
			files = (
				A1373E0922F720E2000B44B2 /* BinarySearchTreeUITests.swift in Sources */,
			);
			runOnlyForDeploymentPostprocessing = 0;
		};
/* End PBXSourcesBuildPhase section */

/* Begin PBXTargetDependency section */
		A1373DFB22F720E2000B44B2 /* PBXTargetDependency */ = {
			isa = PBXTargetDependency;
			target = A1373DE422F720E1000B44B2 /* BinarySearchTree */;
			targetProxy = A1373DFA22F720E2000B44B2 /* PBXContainerItemProxy */;
		};
		A1373E0622F720E2000B44B2 /* PBXTargetDependency */ = {
			isa = PBXTargetDependency;
			target = A1373DE422F720E1000B44B2 /* BinarySearchTree */;
			targetProxy = A1373E0522F720E2000B44B2 /* PBXContainerItemProxy */;
		};
/* End PBXTargetDependency section */

/* Begin PBXVariantGroup section */
		A1373DEC22F720E1000B44B2 /* Main.storyboard */ = {
			isa = PBXVariantGroup;
			children = (
				A1373DED22F720E1000B44B2 /* Base */,
			);
			name = Main.storyboard;
			sourceTree = "<group>";
		};
		A1373DF122F720E2000B44B2 /* LaunchScreen.storyboard */ = {
			isa = PBXVariantGroup;
			children = (
				A1373DF222F720E2000B44B2 /* Base */,
			);
			name = LaunchScreen.storyboard;
			sourceTree = "<group>";
		};
/* End PBXVariantGroup section */

/* Begin XCBuildConfiguration section */
		A1373E0B22F720E2000B44B2 /* Debug */ = {
			isa = XCBuildConfiguration;
			buildSettings = {
				ALWAYS_SEARCH_USER_PATHS = NO;
				CLANG_ANALYZER_NONNULL = YES;
				CLANG_ANALYZER_NUMBER_OBJECT_CONVERSION = YES_AGGRESSIVE;
				CLANG_CXX_LANGUAGE_STANDARD = "gnu++14";
				CLANG_CXX_LIBRARY = "libc++";
				CLANG_ENABLE_MODULES = YES;
				CLANG_ENABLE_OBJC_ARC = YES;
				CLANG_ENABLE_OBJC_WEAK = YES;
				CLANG_WARN_BLOCK_CAPTURE_AUTORELEASING = YES;
				CLANG_WARN_BOOL_CONVERSION = YES;
				CLANG_WARN_COMMA = YES;
				CLANG_WARN_CONSTANT_CONVERSION = YES;
				CLANG_WARN_DEPRECATED_OBJC_IMPLEMENTATIONS = YES;
				CLANG_WARN_DIRECT_OBJC_ISA_USAGE = YES_ERROR;
				CLANG_WARN_DOCUMENTATION_COMMENTS = YES;
				CLANG_WARN_EMPTY_BODY = YES;
				CLANG_WARN_ENUM_CONVERSION = YES;
				CLANG_WARN_INFINITE_RECURSION = YES;
				CLANG_WARN_INT_CONVERSION = YES;
				CLANG_WARN_NON_LITERAL_NULL_CONVERSION = YES;
				CLANG_WARN_OBJC_IMPLICIT_RETAIN_SELF = YES;
				CLANG_WARN_OBJC_LITERAL_CONVERSION = YES;
				CLANG_WARN_OBJC_ROOT_CLASS = YES_ERROR;
				CLANG_WARN_RANGE_LOOP_ANALYSIS = YES;
				CLANG_WARN_STRICT_PROTOTYPES = YES;
				CLANG_WARN_SUSPICIOUS_MOVE = YES;
				CLANG_WARN_UNGUARDED_AVAILABILITY = YES_AGGRESSIVE;
				CLANG_WARN_UNREACHABLE_CODE = YES;
				CLANG_WARN__DUPLICATE_METHOD_MATCH = YES;
				CODE_SIGN_IDENTITY = "iPhone Developer";
				COPY_PHASE_STRIP = NO;
				DEBUG_INFORMATION_FORMAT = dwarf;
				ENABLE_STRICT_OBJC_MSGSEND = YES;
				ENABLE_TESTABILITY = YES;
				GCC_C_LANGUAGE_STANDARD = gnu11;
				GCC_DYNAMIC_NO_PIC = NO;
				GCC_NO_COMMON_BLOCKS = YES;
				GCC_OPTIMIZATION_LEVEL = 0;
				GCC_PREPROCESSOR_DEFINITIONS = (
					"DEBUG=1",
					"$(inherited)",
				);
				GCC_WARN_64_TO_32_BIT_CONVERSION = YES;
				GCC_WARN_ABOUT_RETURN_TYPE = YES_ERROR;
				GCC_WARN_UNDECLARED_SELECTOR = YES;
				GCC_WARN_UNINITIALIZED_AUTOS = YES_AGGRESSIVE;
				GCC_WARN_UNUSED_FUNCTION = YES;
				GCC_WARN_UNUSED_VARIABLE = YES;
				IPHONEOS_DEPLOYMENT_TARGET = 12.2;
				MTL_ENABLE_DEBUG_INFO = INCLUDE_SOURCE;
				MTL_FAST_MATH = YES;
				ONLY_ACTIVE_ARCH = YES;
				SDKROOT = iphoneos;
				SWIFT_ACTIVE_COMPILATION_CONDITIONS = DEBUG;
				SWIFT_OPTIMIZATION_LEVEL = "-Onone";
			};
			name = Debug;
		};
		A1373E0C22F720E2000B44B2 /* Release */ = {
			isa = XCBuildConfiguration;
			buildSettings = {
				ALWAYS_SEARCH_USER_PATHS = NO;
				CLANG_ANALYZER_NONNULL = YES;
				CLANG_ANALYZER_NUMBER_OBJECT_CONVERSION = YES_AGGRESSIVE;
				CLANG_CXX_LANGUAGE_STANDARD = "gnu++14";
				CLANG_CXX_LIBRARY = "libc++";
				CLANG_ENABLE_MODULES = YES;
				CLANG_ENABLE_OBJC_ARC = YES;
				CLANG_ENABLE_OBJC_WEAK = YES;
				CLANG_WARN_BLOCK_CAPTURE_AUTORELEASING = YES;
				CLANG_WARN_BOOL_CONVERSION = YES;
				CLANG_WARN_COMMA = YES;
				CLANG_WARN_CONSTANT_CONVERSION = YES;
				CLANG_WARN_DEPRECATED_OBJC_IMPLEMENTATIONS = YES;
				CLANG_WARN_DIRECT_OBJC_ISA_USAGE = YES_ERROR;
				CLANG_WARN_DOCUMENTATION_COMMENTS = YES;
				CLANG_WARN_EMPTY_BODY = YES;
				CLANG_WARN_ENUM_CONVERSION = YES;
				CLANG_WARN_INFINITE_RECURSION = YES;
				CLANG_WARN_INT_CONVERSION = YES;
				CLANG_WARN_NON_LITERAL_NULL_CONVERSION = YES;
				CLANG_WARN_OBJC_IMPLICIT_RETAIN_SELF = YES;
				CLANG_WARN_OBJC_LITERAL_CONVERSION = YES;
				CLANG_WARN_OBJC_ROOT_CLASS = YES_ERROR;
				CLANG_WARN_RANGE_LOOP_ANALYSIS = YES;
				CLANG_WARN_STRICT_PROTOTYPES = YES;
				CLANG_WARN_SUSPICIOUS_MOVE = YES;
				CLANG_WARN_UNGUARDED_AVAILABILITY = YES_AGGRESSIVE;
				CLANG_WARN_UNREACHABLE_CODE = YES;
				CLANG_WARN__DUPLICATE_METHOD_MATCH = YES;
				CODE_SIGN_IDENTITY = "iPhone Developer";
				COPY_PHASE_STRIP = NO;
				DEBUG_INFORMATION_FORMAT = "dwarf-with-dsym";
				ENABLE_NS_ASSERTIONS = NO;
				ENABLE_STRICT_OBJC_MSGSEND = YES;
				GCC_C_LANGUAGE_STANDARD = gnu11;
				GCC_NO_COMMON_BLOCKS = YES;
				GCC_WARN_64_TO_32_BIT_CONVERSION = YES;
				GCC_WARN_ABOUT_RETURN_TYPE = YES_ERROR;
				GCC_WARN_UNDECLARED_SELECTOR = YES;
				GCC_WARN_UNINITIALIZED_AUTOS = YES_AGGRESSIVE;
				GCC_WARN_UNUSED_FUNCTION = YES;
				GCC_WARN_UNUSED_VARIABLE = YES;
				IPHONEOS_DEPLOYMENT_TARGET = 12.2;
				MTL_ENABLE_DEBUG_INFO = NO;
				MTL_FAST_MATH = YES;
				SDKROOT = iphoneos;
				SWIFT_COMPILATION_MODE = wholemodule;
				SWIFT_OPTIMIZATION_LEVEL = "-O";
				VALIDATE_PRODUCT = YES;
			};
			name = Release;
		};
		A1373E0E22F720E2000B44B2 /* Debug */ = {
			isa = XCBuildConfiguration;
			buildSettings = {
				ASSETCATALOG_COMPILER_APPICON_NAME = AppIcon;
				CODE_SIGN_STYLE = Automatic;
				DEVELOPMENT_TEAM = KGB4YH8FC6;
				INFOPLIST_FILE = BinarySearchTree/Info.plist;
				LD_RUNPATH_SEARCH_PATHS = (
					"$(inherited)",
					"@executable_path/Frameworks",
				);
				PRODUCT_BUNDLE_IDENTIFIER = com.myron.BinarySearchTree;
				PRODUCT_NAME = "$(TARGET_NAME)";
				SWIFT_VERSION = 5.0;
				TARGETED_DEVICE_FAMILY = "1,2";
			};
			name = Debug;
		};
		A1373E0F22F720E2000B44B2 /* Release */ = {
			isa = XCBuildConfiguration;
			buildSettings = {
				ASSETCATALOG_COMPILER_APPICON_NAME = AppIcon;
				CODE_SIGN_STYLE = Automatic;
				DEVELOPMENT_TEAM = KGB4YH8FC6;
				INFOPLIST_FILE = BinarySearchTree/Info.plist;
				LD_RUNPATH_SEARCH_PATHS = (
					"$(inherited)",
					"@executable_path/Frameworks",
				);
				PRODUCT_BUNDLE_IDENTIFIER = com.myron.BinarySearchTree;
				PRODUCT_NAME = "$(TARGET_NAME)";
				SWIFT_VERSION = 5.0;
				TARGETED_DEVICE_FAMILY = "1,2";
			};
			name = Release;
		};
		A1373E1122F720E2000B44B2 /* Debug */ = {
			isa = XCBuildConfiguration;
			buildSettings = {
				ALWAYS_EMBED_SWIFT_STANDARD_LIBRARIES = YES;
				BUNDLE_LOADER = "$(TEST_HOST)";
				CODE_SIGN_STYLE = Automatic;
				DEVELOPMENT_TEAM = KGB4YH8FC6;
				INFOPLIST_FILE = BinarySearchTreeTests/Info.plist;
				LD_RUNPATH_SEARCH_PATHS = (
					"$(inherited)",
					"@executable_path/Frameworks",
					"@loader_path/Frameworks",
				);
				PRODUCT_BUNDLE_IDENTIFIER = com.myron.BinarySearchTreeTests;
				PRODUCT_NAME = "$(TARGET_NAME)";
				SWIFT_VERSION = 5.0;
				TARGETED_DEVICE_FAMILY = "1,2";
				TEST_HOST = "$(BUILT_PRODUCTS_DIR)/BinarySearchTree.app/BinarySearchTree";
			};
			name = Debug;
		};
		A1373E1222F720E2000B44B2 /* Release */ = {
			isa = XCBuildConfiguration;
			buildSettings = {
				ALWAYS_EMBED_SWIFT_STANDARD_LIBRARIES = YES;
				BUNDLE_LOADER = "$(TEST_HOST)";
				CODE_SIGN_STYLE = Automatic;
				DEVELOPMENT_TEAM = KGB4YH8FC6;
				INFOPLIST_FILE = BinarySearchTreeTests/Info.plist;
				LD_RUNPATH_SEARCH_PATHS = (
					"$(inherited)",
					"@executable_path/Frameworks",
					"@loader_path/Frameworks",
				);
				PRODUCT_BUNDLE_IDENTIFIER = com.myron.BinarySearchTreeTests;
				PRODUCT_NAME = "$(TARGET_NAME)";
				SWIFT_VERSION = 5.0;
				TARGETED_DEVICE_FAMILY = "1,2";
				TEST_HOST = "$(BUILT_PRODUCTS_DIR)/BinarySearchTree.app/BinarySearchTree";
			};
			name = Release;
		};
		A1373E1422F720E2000B44B2 /* Debug */ = {
			isa = XCBuildConfiguration;
			buildSettings = {
				ALWAYS_EMBED_SWIFT_STANDARD_LIBRARIES = YES;
				CODE_SIGN_STYLE = Automatic;
				DEVELOPMENT_TEAM = KGB4YH8FC6;
				INFOPLIST_FILE = BinarySearchTreeUITests/Info.plist;
				LD_RUNPATH_SEARCH_PATHS = (
					"$(inherited)",
					"@executable_path/Frameworks",
					"@loader_path/Frameworks",
				);
				PRODUCT_BUNDLE_IDENTIFIER = com.myron.BinarySearchTreeUITests;
				PRODUCT_NAME = "$(TARGET_NAME)";
				SWIFT_VERSION = 5.0;
				TARGETED_DEVICE_FAMILY = "1,2";
				TEST_TARGET_NAME = BinarySearchTree;
			};
			name = Debug;
		};
		A1373E1522F720E2000B44B2 /* Release */ = {
			isa = XCBuildConfiguration;
			buildSettings = {
				ALWAYS_EMBED_SWIFT_STANDARD_LIBRARIES = YES;
				CODE_SIGN_STYLE = Automatic;
				DEVELOPMENT_TEAM = KGB4YH8FC6;
				INFOPLIST_FILE = BinarySearchTreeUITests/Info.plist;
				LD_RUNPATH_SEARCH_PATHS = (
					"$(inherited)",
					"@executable_path/Frameworks",
					"@loader_path/Frameworks",
				);
				PRODUCT_BUNDLE_IDENTIFIER = com.myron.BinarySearchTreeUITests;
				PRODUCT_NAME = "$(TARGET_NAME)";
				SWIFT_VERSION = 5.0;
				TARGETED_DEVICE_FAMILY = "1,2";
				TEST_TARGET_NAME = BinarySearchTree;
			};
			name = Release;
		};
/* End XCBuildConfiguration section */

/* Begin XCConfigurationList section */
		A1373DE022F720E1000B44B2 /* Build configuration list for PBXProject "BinarySearchTree" */ = {
			isa = XCConfigurationList;
			buildConfigurations = (
				A1373E0B22F720E2000B44B2 /* Debug */,
				A1373E0C22F720E2000B44B2 /* Release */,
			);
			defaultConfigurationIsVisible = 0;
			defaultConfigurationName = Release;
		};
		A1373E0D22F720E2000B44B2 /* Build configuration list for PBXNativeTarget "BinarySearchTree" */ = {
			isa = XCConfigurationList;
			buildConfigurations = (
				A1373E0E22F720E2000B44B2 /* Debug */,
				A1373E0F22F720E2000B44B2 /* Release */,
			);
			defaultConfigurationIsVisible = 0;
			defaultConfigurationName = Release;
		};
		A1373E1022F720E2000B44B2 /* Build configuration list for PBXNativeTarget "BinarySearchTreeTests" */ = {
			isa = XCConfigurationList;
			buildConfigurations = (
				A1373E1122F720E2000B44B2 /* Debug */,
				A1373E1222F720E2000B44B2 /* Release */,
			);
			defaultConfigurationIsVisible = 0;
			defaultConfigurationName = Release;
		};
		A1373E1322F720E2000B44B2 /* Build configuration list for PBXNativeTarget "BinarySearchTreeUITests" */ = {
			isa = XCConfigurationList;
			buildConfigurations = (
				A1373E1422F720E2000B44B2 /* Debug */,
				A1373E1522F720E2000B44B2 /* Release */,
			);
			defaultConfigurationIsVisible = 0;
			defaultConfigurationName = Release;
		};
/* End XCConfigurationList section */
	};
	rootObject = A1373DDD22F720E1000B44B2 /* Project object */;
}
